# THIS IS AN AUTOGENERATED FILE. DO NOT EDIT THIS FILE DIRECTLY.
# yarn lockfile v1


"@types/vue@^2.0.0":
  version "2.0.0"
  resolved "https://registry.yarnpkg.com/@types/vue/-/vue-2.0.0.tgz#ec77b3d89591deb9ca5cb052368aa9c32be088e7"
  integrity sha1-7Hez2JWR3rnKXLBSNoqpwyvgiOc=
  dependencies:
    vue "*"

vue@*:
  version "2.6.12"
  resolved "https://registry.yarnpkg.com/vue/-/vue-2.6.12.tgz#f5ebd4fa6bd2869403e29a896aed4904456c9123"
  integrity sha512-uhmLFETqPPNyuLLbsKz6ioJ4q7AZHzD8ZVFNATNyICSZouqP2Sz0rotWQC8UNBF6VGSCs5abnKJoStA6JbCbfg==
